
Microsoft Visual Studio Solution File, Format Version 12.00
# Visual Studio 15
VisualStudioVersion = 15.0.28010.2026
MinimumVisualStudioVersion = 10.0.40219.1
Project("{FAE04EC0-301F-11D3-BF4B-00C04F79EFBC}") = "CryptoBot.Core", "CryptoBot\CryptoBot.Core.csproj", "{128E1F06-8E09-4FE8-A645-CB51B72AF9C1}"
EndProject
Global
	GlobalSection(SolutionConfigurationPlatforms) = preSolution
		Debug|Any CPU = Debug|Any CPU
		Release|Any CPU = Release|Any CPU
	EndGlobalSection
	GlobalSection(ProjectConfigurationPlatforms) = postSolution
		{128E1F06-8E09-4FE8-A645-CB51B72AF9C1}.Debug|Any CPU.ActiveCfg = Debug|Any CPU
		{128E1F06-8E09-4FE8-A645-CB51B72AF9C1}.Debug|Any CPU.Build.0 = Debug|Any CPU
		{128E1F06-8E09-4FE8-A645-CB51B72AF9C1}.Release|Any CPU.ActiveCfg = Release|Any CPU
		{128E1F06-8E09-4FE8-A645-CB51B72AF9C1}.Release|Any CPU.Build.0 = Release|Any CPU
	EndGlobalSection
	GlobalSection(SolutionProperties) = preSolution
		HideSolutionNode = FALSE
	EndGlobalSection
	GlobalSection(ExtensibilityGlobals) = postSolution
		SolutionGuid = {61F97422-F17B-4AA5-BE6D-F9D53FECE09C}
	EndGlobalSection
EndGlobal
